
Microsoft Visual Studio Solution File, Format Version 12.00
# Visual Studio 15
VisualStudioVersion = 15.0.28307.1927
MinimumVisualStudioVersion = 10.0.40219.1
Project("{FAE04EC0-301F-11D3-BF4B-00C04F79EFBC}") = "1_Area_of_a_Circle", "Area_of_a_Circle\Area_of_a_Circle\1_Area_of_a_Circle.csproj", "{6EB32FCF-84C5-4CED-8DD9-380FD29C30C2}"
EndProject
Project("{FAE04EC0-301F-11D3-BF4B-00C04F79EFBC}") = "2_Multiply_of_3", "Multiply_of_3\2_Multiply_of_3.csproj", "{A30AB889-B011-4F03-A08F-DE07BCD64E6F}"
EndProject
Project("{FAE04EC0-301F-11D3-BF4B-00C04F79EFBC}") = "3_Level_Points", "Level_Points\3_Level_Points.csproj", "{D63A0032-6110-4F6D-AEBB-CC6DC71B3A3F}"
EndProject
Project("{FAE04EC0-301F-11D3-BF4B-00C04F79EFBC}") = "4_Social_Network", "Social_Network\4_Social_Network.csproj", "{A9FF1340-A069-4921-8C2B-612C958B5703}"
EndProject
Project("{FAE04EC0-301F-11D3-BF4B-00C04F79EFBC}") = "5_Words", "5_Words\5_Words.csproj", "{6545741C-FF2D-4ED9-8148-C2ACF8579830}"
EndProject
Project("{FAE04EC0-301F-11D3-BF4B-00C04F79EFBC}") = "6_Dancer", "6_Dancer\6_Dancer.csproj", "{D1F531CC-47F9-4A0D-A2DA-7FCE8C0DD5FF}"
EndProject
Project("{FAE04EC0-301F-11D3-BF4B-00C04F79EFBC}") = "7_Drawing_Application", "7_Drawing_Application\7_Drawing_Application.csproj", "{6FBEF9CE-8655-48DC-AD2A-B32EC455D50D}"
EndProject
Project("{FAE04EC0-301F-11D3-BF4B-00C04F79EFBC}") = "8_Robot-barmen", "8_Robot-barmen\8_Robot-barmen.csproj", "{E5745AF4-3391-454E-8487-5746A2B7AEB5}"
EndProject
Project("{FAE04EC0-301F-11D3-BF4B-00C04F79EFBC}") = "9_Coffee_Time", "9_Coffee_Time\9_Coffee_Time.csproj", "{AF03A83A-840C-4ADA-977D-19E2DEB584DF}"
EndProject
Global
	GlobalSection(SolutionConfigurationPlatforms) = preSolution
		Debug|Any CPU = Debug|Any CPU
		Release|Any CPU = Release|Any CPU
	EndGlobalSection
	GlobalSection(ProjectConfigurationPlatforms) = postSolution
		{6EB32FCF-84C5-4CED-8DD9-380FD29C30C2}.Debug|Any CPU.ActiveCfg = Debug|Any CPU
		{6EB32FCF-84C5-4CED-8DD9-380FD29C30C2}.Debug|Any CPU.Build.0 = Debug|Any CPU
		{6EB32FCF-84C5-4CED-8DD9-380FD29C30C2}.Release|Any CPU.ActiveCfg = Release|Any CPU
		{6EB32FCF-84C5-4CED-8DD9-380FD29C30C2}.Release|Any CPU.Build.0 = Release|Any CPU
		{A30AB889-B011-4F03-A08F-DE07BCD64E6F}.Debug|Any CPU.ActiveCfg = Debug|Any CPU
		{A30AB889-B011-4F03-A08F-DE07BCD64E6F}.Debug|Any CPU.Build.0 = Debug|Any CPU
		{A30AB889-B011-4F03-A08F-DE07BCD64E6F}.Release|Any CPU.ActiveCfg = Release|Any CPU
		{A30AB889-B011-4F03-A08F-DE07BCD64E6F}.Release|Any CPU.Build.0 = Release|Any CPU
		{D63A0032-6110-4F6D-AEBB-CC6DC71B3A3F}.Debug|Any CPU.ActiveCfg = Debug|Any CPU
		{D63A0032-6110-4F6D-AEBB-CC6DC71B3A3F}.Debug|Any CPU.Build.0 = Debug|Any CPU
		{D63A0032-6110-4F6D-AEBB-CC6DC71B3A3F}.Release|Any CPU.ActiveCfg = Release|Any CPU
		{D63A0032-6110-4F6D-AEBB-CC6DC71B3A3F}.Release|Any CPU.Build.0 = Release|Any CPU
		{A9FF1340-A069-4921-8C2B-612C958B5703}.Debug|Any CPU.ActiveCfg = Debug|Any CPU
		{A9FF1340-A069-4921-8C2B-612C958B5703}.Debug|Any CPU.Build.0 = Debug|Any CPU
		{A9FF1340-A069-4921-8C2B-612C958B5703}.Release|Any CPU.ActiveCfg = Release|Any CPU
		{A9FF1340-A069-4921-8C2B-612C958B5703}.Release|Any CPU.Build.0 = Release|Any CPU
		{6545741C-FF2D-4ED9-8148-C2ACF8579830}.Debug|Any CPU.ActiveCfg = Debug|Any CPU
		{6545741C-FF2D-4ED9-8148-C2ACF8579830}.Debug|Any CPU.Build.0 = Debug|Any CPU
		{6545741C-FF2D-4ED9-8148-C2ACF8579830}.Release|Any CPU.ActiveCfg = Release|Any CPU
		{6545741C-FF2D-4ED9-8148-C2ACF8579830}.Release|Any CPU.Build.0 = Release|Any CPU
		{D1F531CC-47F9-4A0D-A2DA-7FCE8C0DD5FF}.Debug|Any CPU.ActiveCfg = Debug|Any CPU
		{D1F531CC-47F9-4A0D-A2DA-7FCE8C0DD5FF}.Debug|Any CPU.Build.0 = Debug|Any CPU
		{D1F531CC-47F9-4A0D-A2DA-7FCE8C0DD5FF}.Release|Any CPU.ActiveCfg = Release|Any CPU
		{D1F531CC-47F9-4A0D-A2DA-7FCE8C0DD5FF}.Release|Any CPU.Build.0 = Release|Any CPU
		{6FBEF9CE-8655-48DC-AD2A-B32EC455D50D}.Debug|Any CPU.ActiveCfg = Debug|Any CPU
		{6FBEF9CE-8655-48DC-AD2A-B32EC455D50D}.Debug|Any CPU.Build.0 = Debug|Any CPU
		{6FBEF9CE-8655-48DC-AD2A-B32EC455D50D}.Release|Any CPU.ActiveCfg = Release|Any CPU
		{6FBEF9CE-8655-48DC-AD2A-B32EC455D50D}.Release|Any CPU.Build.0 = Release|Any CPU
		{E5745AF4-3391-454E-8487-5746A2B7AEB5}.Debug|Any CPU.ActiveCfg = Debug|Any CPU
		{E5745AF4-3391-454E-8487-5746A2B7AEB5}.Debug|Any CPU.Build.0 = Debug|Any CPU
		{E5745AF4-3391-454E-8487-5746A2B7AEB5}.Release|Any CPU.ActiveCfg = Release|Any CPU
		{E5745AF4-3391-454E-8487-5746A2B7AEB5}.Release|Any CPU.Build.0 = Release|Any CPU
		{AF03A83A-840C-4ADA-977D-19E2DEB584DF}.Debug|Any CPU.ActiveCfg = Debug|Any CPU
		{AF03A83A-840C-4ADA-977D-19E2DEB584DF}.Debug|Any CPU.Build.0 = Debug|Any CPU
		{AF03A83A-840C-4ADA-977D-19E2DEB584DF}.Release|Any CPU.ActiveCfg = Release|Any CPU
		{AF03A83A-840C-4ADA-977D-19E2DEB584DF}.Release|Any CPU.Build.0 = Release|Any CPU
	EndGlobalSection
	GlobalSection(SolutionProperties) = preSolution
		HideSolutionNode = FALSE
	EndGlobalSection
	GlobalSection(ExtensibilityGlobals) = postSolution
		SolutionGuid = {FA365CF9-54E9-4DCB-8151-75F0E6245BBA}
	EndGlobalSection
EndGlobal
